// !$*UTF8*$!
{
	archiveVersion = 1;
	classes = {
	};
	objectVersion = 56;
	objects = {

/* Begin PBXBuildFile section */
		5E79A9992C19B4F900865AE6 /* TestFFMPEGApp.swift in Sources */ = {isa = PBXBuildFile; fileRef = 5E79A9982C19B4F900865AE6 /* TestFFMPEGApp.swift */; };
		5E79A99B2C19B4F900865AE6 /* ContentView.swift in Sources */ = {isa = PBXBuildFile; fileRef = 5E79A99A2C19B4F900865AE6 /* ContentView.swift */; };
		5E79A99D2C19B4FA00865AE6 /* Assets.xcassets in Resources */ = {isa = PBXBuildFile; fileRef = 5E79A99C2C19B4FA00865AE6 /* Assets.xcassets */; };
		5E79A9A12C19B4FA00865AE6 /* Preview Assets.xcassets in Resources */ = {isa = PBXBuildFile; fileRef = 5E79A9A02C19B4FA00865AE6 /* Preview Assets.xcassets */; };
		5E79A9AA2C19B5BF00865AE6 /* ReSample.c in Sources */ = {isa = PBXBuildFile; fileRef = 5E79A9A92C19B5BF00865AE6 /* ReSample.c */; };
		5E90319E2C1DC972000EF26B /* libpostproc.58.2.100.dylib in Frameworks */ = {isa = PBXBuildFile; fileRef = 5E9031962C1DC972000EF26B /* libpostproc.58.2.100.dylib */; };
		5E90319F2C1DC972000EF26B /* libavutil.59.21.100.dylib in Frameworks */ = {isa = PBXBuildFile; fileRef = 5E9031972C1DC972000EF26B /* libavutil.59.21.100.dylib */; };
		5E9031A02C1DC972000EF26B /* libavcodec.61.6.100.dylib in Frameworks */ = {isa = PBXBuildFile; fileRef = 5E9031982C1DC972000EF26B /* libavcodec.61.6.100.dylib */; };
		5E9031A12C1DC972000EF26B /* libswresample.5.2.100.dylib in Frameworks */ = {isa = PBXBuildFile; fileRef = 5E9031992C1DC972000EF26B /* libswresample.5.2.100.dylib */; };
		5E9031A22C1DC972000EF26B /* libavdevice.61.2.100.dylib in Frameworks */ = {isa = PBXBuildFile; fileRef = 5E90319A2C1DC972000EF26B /* libavdevice.61.2.100.dylib */; };
		5E9031A32C1DC972000EF26B /* libavformat.61.3.104.dylib in Frameworks */ = {isa = PBXBuildFile; fileRef = 5E90319B2C1DC972000EF26B /* libavformat.61.3.104.dylib */; };
		5E9031A42C1DC972000EF26B /* libavfilter.10.2.102.dylib in Frameworks */ = {isa = PBXBuildFile; fileRef = 5E90319C2C1DC972000EF26B /* libavfilter.10.2.102.dylib */; };
		5E9031A52C1DC972000EF26B /* libswscale.8.2.100.dylib in Frameworks */ = {isa = PBXBuildFile; fileRef = 5E90319D2C1DC972000EF26B /* libswscale.8.2.100.dylib */; };
		5E9031A62C1DC980000EF26B /* libavcodec.61.6.100.dylib in Resources */ = {isa = PBXBuildFile; fileRef = 5E9031982C1DC972000EF26B /* libavcodec.61.6.100.dylib */; };
		5E9031A72C1DC980000EF26B /* libavdevice.61.2.100.dylib in Resources */ = {isa = PBXBuildFile; fileRef = 5E90319A2C1DC972000EF26B /* libavdevice.61.2.100.dylib */; };
		5E9031A82C1DC980000EF26B /* libavfilter.10.2.102.dylib in Resources */ = {isa = PBXBuildFile; fileRef = 5E90319C2C1DC972000EF26B /* libavfilter.10.2.102.dylib */; };
		5E9031A92C1DC980000EF26B /* libavformat.61.3.104.dylib in Resources */ = {isa = PBXBuildFile; fileRef = 5E90319B2C1DC972000EF26B /* libavformat.61.3.104.dylib */; };
		5E9031AA2C1DC980000EF26B /* libavutil.59.21.100.dylib in Resources */ = {isa = PBXBuildFile; fileRef = 5E9031972C1DC972000EF26B /* libavutil.59.21.100.dylib */; };
		5E9031AB2C1DC980000EF26B /* libpostproc.58.2.100.dylib in Resources */ = {isa = PBXBuildFile; fileRef = 5E9031962C1DC972000EF26B /* libpostproc.58.2.100.dylib */; };
		5E9031AC2C1DC980000EF26B /* libswresample.5.2.100.dylib in Resources */ = {isa = PBXBuildFile; fileRef = 5E9031992C1DC972000EF26B /* libswresample.5.2.100.dylib */; };
		5E9031AD2C1DC980000EF26B /* libswscale.8.2.100.dylib in Resources */ = {isa = PBXBuildFile; fileRef = 5E90319D2C1DC972000EF26B /* libswscale.8.2.100.dylib */; };
		5E9031AE2C1DC98A000EF26B /* libavcodec.61.6.100.dylib in Embed Libraries */ = {isa = PBXBuildFile; fileRef = 5E9031982C1DC972000EF26B /* libavcodec.61.6.100.dylib */; settings = {ATTRIBUTES = (CodeSignOnCopy, ); }; };
		5E9031AF2C1DC98B000EF26B /* libavdevice.61.2.100.dylib in Embed Libraries */ = {isa = PBXBuildFile; fileRef = 5E90319A2C1DC972000EF26B /* libavdevice.61.2.100.dylib */; settings = {ATTRIBUTES = (CodeSignOnCopy, ); }; };
		5E9031B02C1DC990000EF26B /* libavfilter.10.2.102.dylib in Embed Libraries */ = {isa = PBXBuildFile; fileRef = 5E90319C2C1DC972000EF26B /* libavfilter.10.2.102.dylib */; settings = {ATTRIBUTES = (CodeSignOnCopy, ); }; };
		5E9031B12C1DC990000EF26B /* libavformat.61.3.104.dylib in Embed Libraries */ = {isa = PBXBuildFile; fileRef = 5E90319B2C1DC972000EF26B /* libavformat.61.3.104.dylib */; settings = {ATTRIBUTES = (CodeSignOnCopy, ); }; };
		5E9031B22C1DC990000EF26B /* libavutil.59.21.100.dylib in Embed Libraries */ = {isa = PBXBuildFile; fileRef = 5E9031972C1DC972000EF26B /* libavutil.59.21.100.dylib */; settings = {ATTRIBUTES = (CodeSignOnCopy, ); }; };
		5E9031B32C1DC990000EF26B /* libpostproc.58.2.100.dylib in Embed Libraries */ = {isa = PBXBuildFile; fileRef = 5E9031962C1DC972000EF26B /* libpostproc.58.2.100.dylib */; settings = {ATTRIBUTES = (CodeSignOnCopy, ); }; };
		5E9031B42C1DC990000EF26B /* libswresample.5.2.100.dylib in Embed Libraries */ = {isa = PBXBuildFile; fileRef = 5E9031992C1DC972000EF26B /* libswresample.5.2.100.dylib */; settings = {ATTRIBUTES = (CodeSignOnCopy, ); }; };
		5E9031B52C1DC990000EF26B /* libswscale.8.2.100.dylib in Embed Libraries */ = {isa = PBXBuildFile; fileRef = 5E90319D2C1DC972000EF26B /* libswscale.8.2.100.dylib */; settings = {ATTRIBUTES = (CodeSignOnCopy, ); }; };
/* End PBXBuildFile section */

/* Begin PBXCopyFilesBuildPhase section */
		5E9031662C1DC6F3000EF26B /* Embed Libraries */ = {
			isa = PBXCopyFilesBuildPhase;
			buildActionMask = 2147483647;
			dstPath = "";
			dstSubfolderSpec = 10;
			files = (
				5E9031B52C1DC990000EF26B /* libswscale.8.2.100.dylib in Embed Libraries */,
				5E9031B12C1DC990000EF26B /* libavformat.61.3.104.dylib in Embed Libraries */,
				5E9031B22C1DC990000EF26B /* libavutil.59.21.100.dylib in Embed Libraries */,
				5E9031AF2C1DC98B000EF26B /* libavdevice.61.2.100.dylib in Embed Libraries */,
				5E9031B32C1DC990000EF26B /* libpostproc.58.2.100.dylib in Embed Libraries */,
				5E9031B02C1DC990000EF26B /* libavfilter.10.2.102.dylib in Embed Libraries */,
				5E9031B42C1DC990000EF26B /* libswresample.5.2.100.dylib in Embed Libraries */,
				5E9031AE2C1DC98A000EF26B /* libavcodec.61.6.100.dylib in Embed Libraries */,
			);
			name = "Embed Libraries";
			runOnlyForDeploymentPostprocessing = 0;
		};
/* End PBXCopyFilesBuildPhase section */

/* Begin PBXFileReference section */
		5E79A9952C19B4F900865AE6 /* TestFFMPEG.app */ = {isa = PBXFileReference; explicitFileType = wrapper.application; includeInIndex = 0; path = TestFFMPEG.app; sourceTree = BUILT_PRODUCTS_DIR; };
		5E79A9982C19B4F900865AE6 /* TestFFMPEGApp.swift */ = {isa = PBXFileReference; lastKnownFileType = sourcecode.swift; path = TestFFMPEGApp.swift; sourceTree = "<group>"; };
		5E79A99A2C19B4F900865AE6 /* ContentView.swift */ = {isa = PBXFileReference; lastKnownFileType = sourcecode.swift; path = ContentView.swift; sourceTree = "<group>"; };
		5E79A99C2C19B4FA00865AE6 /* Assets.xcassets */ = {isa = PBXFileReference; lastKnownFileType = folder.assetcatalog; path = Assets.xcassets; sourceTree = "<group>"; };
		5E79A99E2C19B4FA00865AE6 /* TestFFMPEG.entitlements */ = {isa = PBXFileReference; lastKnownFileType = text.plist.entitlements; path = TestFFMPEG.entitlements; sourceTree = "<group>"; };
		5E79A9A02C19B4FA00865AE6 /* Preview Assets.xcassets */ = {isa = PBXFileReference; lastKnownFileType = folder.assetcatalog; path = "Preview Assets.xcassets"; sourceTree = "<group>"; };
		5E79A9A72C19B5BF00865AE6 /* TestFFMPEG-Bridging-Header.h */ = {isa = PBXFileReference; lastKnownFileType = sourcecode.c.h; path = "TestFFMPEG-Bridging-Header.h"; sourceTree = "<group>"; };
		5E79A9A82C19B5BF00865AE6 /* ReSample.h */ = {isa = PBXFileReference; lastKnownFileType = sourcecode.c.h; name = ReSample.h; path = TestFFMPEG/ReSample.h; sourceTree = "<group>"; };
		5E79A9A92C19B5BF00865AE6 /* ReSample.c */ = {isa = PBXFileReference; lastKnownFileType = sourcecode.c.c; name = ReSample.c; path = TestFFMPEG/ReSample.c; sourceTree = "<group>"; };
		5E9031962C1DC972000EF26B /* libpostproc.58.2.100.dylib */ = {isa = PBXFileReference; lastKnownFileType = "compiled.mach-o.dylib"; name = libpostproc.58.2.100.dylib; path = ../../../../../opt/ffmpeg/lib/libpostproc.58.2.100.dylib; sourceTree = "<group>"; };
		5E9031972C1DC972000EF26B /* libavutil.59.21.100.dylib */ = {isa = PBXFileReference; lastKnownFileType = "compiled.mach-o.dylib"; name = libavutil.59.21.100.dylib; path = ../../../../../opt/ffmpeg/lib/libavutil.59.21.100.dylib; sourceTree = "<group>"; };
		5E9031982C1DC972000EF26B /* libavcodec.61.6.100.dylib */ = {isa = PBXFileReference; lastKnownFileType = "compiled.mach-o.dylib"; name = libavcodec.61.6.100.dylib; path = ../../../../../opt/ffmpeg/lib/libavcodec.61.6.100.dylib; sourceTree = "<group>"; };
		5E9031992C1DC972000EF26B /* libswresample.5.2.100.dylib */ = {isa = PBXFileReference; lastKnownFileType = "compiled.mach-o.dylib"; name = libswresample.5.2.100.dylib; path = ../../../../../opt/ffmpeg/lib/libswresample.5.2.100.dylib; sourceTree = "<group>"; };
		5E90319A2C1DC972000EF26B /* libavdevice.61.2.100.dylib */ = {isa = PBXFileReference; lastKnownFileType = "compiled.mach-o.dylib"; name = libavdevice.61.2.100.dylib; path = ../../../../../opt/ffmpeg/lib/libavdevice.61.2.100.dylib; sourceTree = "<group>"; };
		5E90319B2C1DC972000EF26B /* libavformat.61.3.104.dylib */ = {isa = PBXFileReference; lastKnownFileType = "compiled.mach-o.dylib"; name = libavformat.61.3.104.dylib; path = ../../../../../opt/ffmpeg/lib/libavformat.61.3.104.dylib; sourceTree = "<group>"; };
		5E90319C2C1DC972000EF26B /* libavfilter.10.2.102.dylib */ = {isa = PBXFileReference; lastKnownFileType = "compiled.mach-o.dylib"; name = libavfilter.10.2.102.dylib; path = ../../../../../opt/ffmpeg/lib/libavfilter.10.2.102.dylib; sourceTree = "<group>"; };
		5E90319D2C1DC972000EF26B /* libswscale.8.2.100.dylib */ = {isa = PBXFileReference; lastKnownFileType = "compiled.mach-o.dylib"; name = libswscale.8.2.100.dylib; path = ../../../../../opt/ffmpeg/lib/libswscale.8.2.100.dylib; sourceTree = "<group>"; };
/* End PBXFileReference section */

/* Begin PBXFrameworksBuildPhase section */
		5E79A9922C19B4F900865AE6 /* Frameworks */ = {
			isa = PBXFrameworksBuildPhase;
			buildActionMask = 2147483647;
			files = (
				5E90319E2C1DC972000EF26B /* libpostproc.58.2.100.dylib in Frameworks */,
				5E90319F2C1DC972000EF26B /* libavutil.59.21.100.dylib in Frameworks */,
				5E9031A02C1DC972000EF26B /* libavcodec.61.6.100.dylib in Frameworks */,
				5E9031A12C1DC972000EF26B /* libswresample.5.2.100.dylib in Frameworks */,
				5E9031A22C1DC972000EF26B /* libavdevice.61.2.100.dylib in Frameworks */,
				5E9031A32C1DC972000EF26B /* libavformat.61.3.104.dylib in Frameworks */,
				5E9031A42C1DC972000EF26B /* libavfilter.10.2.102.dylib in Frameworks */,
				5E9031A52C1DC972000EF26B /* libswscale.8.2.100.dylib in Frameworks */,
			);
			runOnlyForDeploymentPostprocessing = 0;
		};
/* End PBXFrameworksBuildPhase section */

/* Begin PBXGroup section */
		5E79A98C2C19B4F900865AE6 = {
			isa = PBXGroup;
			children = (
				5E79A9A82C19B5BF00865AE6 /* ReSample.h */,
				5E79A9A92C19B5BF00865AE6 /* ReSample.c */,
				5E79A9972C19B4F900865AE6 /* TestFFMPEG */,
				5E79A9962C19B4F900865AE6 /* Products */,
				5E79A9A72C19B5BF00865AE6 /* TestFFMPEG-Bridging-Header.h */,
				5E90314C2C1DC5CB000EF26B /* Frameworks */,
			);
			sourceTree = "<group>";
		};
		5E79A9962C19B4F900865AE6 /* Products */ = {
			isa = PBXGroup;
			children = (
				5E79A9952C19B4F900865AE6 /* TestFFMPEG.app */,
			);
			name = Products;
			sourceTree = "<group>";
		};
		5E79A9972C19B4F900865AE6 /* TestFFMPEG */ = {
			isa = PBXGroup;
			children = (
				5E79A9982C19B4F900865AE6 /* TestFFMPEGApp.swift */,
				5E79A99A2C19B4F900865AE6 /* ContentView.swift */,
				5E79A99C2C19B4FA00865AE6 /* Assets.xcassets */,
				5E79A99E2C19B4FA00865AE6 /* TestFFMPEG.entitlements */,
				5E79A99F2C19B4FA00865AE6 /* Preview Content */,
			);
			path = TestFFMPEG;
			sourceTree = "<group>";
		};
		5E79A99F2C19B4FA00865AE6 /* Preview Content */ = {
			isa = PBXGroup;
			children = (
				5E79A9A02C19B4FA00865AE6 /* Preview Assets.xcassets */,
			);
			path = "Preview Content";
			sourceTree = "<group>";
		};
		5E90314C2C1DC5CB000EF26B /* Frameworks */ = {
			isa = PBXGroup;
			children = (
				5E9031982C1DC972000EF26B /* libavcodec.61.6.100.dylib */,
				5E90319A2C1DC972000EF26B /* libavdevice.61.2.100.dylib */,
				5E90319C2C1DC972000EF26B /* libavfilter.10.2.102.dylib */,
				5E90319B2C1DC972000EF26B /* libavformat.61.3.104.dylib */,
				5E9031972C1DC972000EF26B /* libavutil.59.21.100.dylib */,
				5E9031962C1DC972000EF26B /* libpostproc.58.2.100.dylib */,
				5E9031992C1DC972000EF26B /* libswresample.5.2.100.dylib */,
				5E90319D2C1DC972000EF26B /* libswscale.8.2.100.dylib */,
			);
			name = Frameworks;
			sourceTree = "<group>";
		};
/* End PBXGroup section */

/* Begin PBXNativeTarget section */
		5E79A9942C19B4F900865AE6 /* TestFFMPEG */ = {
			isa = PBXNativeTarget;
			buildConfigurationList = 5E79A9A42C19B4FA00865AE6 /* Build configuration list for PBXNativeTarget "TestFFMPEG" */;
			buildPhases = (
				5E79A9912C19B4F900865AE6 /* Sources */,
				5E79A9922C19B4F900865AE6 /* Frameworks */,
				5E79A9932C19B4F900865AE6 /* Resources */,
				5E9031662C1DC6F3000EF26B /* Embed Libraries */,
			);
			buildRules = (
			);
			dependencies = (
			);
			name = TestFFMPEG;
			productName = TestFFMPEG;
			productReference = 5E79A9952C19B4F900865AE6 /* TestFFMPEG.app */;
			productType = "com.apple.product-type.application";
		};
/* End PBXNativeTarget section */

/* Begin PBXProject section */
		5E79A98D2C19B4F900865AE6 /* Project object */ = {
			isa = PBXProject;
			attributes = {
				BuildIndependentTargetsInParallel = 1;
				LastSwiftUpdateCheck = 1540;
				LastUpgradeCheck = 1540;
				TargetAttributes = {
					5E79A9942C19B4F900865AE6 = {
						CreatedOnToolsVersion = 15.4;
						LastSwiftMigration = 1540;
					};
				};
			};
			buildConfigurationList = 5E79A9902C19B4F900865AE6 /* Build configuration list for PBXProject "TestFFMPEG" */;
			compatibilityVersion = "Xcode 14.0";
			developmentRegion = en;
			hasScannedForEncodings = 0;
			knownRegions = (
				en,
				Base,
			);
			mainGroup = 5E79A98C2C19B4F900865AE6;
			productRefGroup = 5E79A9962C19B4F900865AE6 /* Products */;
			projectDirPath = "";
			projectRoot = "";
			targets = (
				5E79A9942C19B4F900865AE6 /* TestFFMPEG */,
			);
		};
/* End PBXProject section */

/* Begin PBXResourcesBuildPhase section */
		5E79A9932C19B4F900865AE6 /* Resources */ = {
			isa = PBXResourcesBuildPhase;
			buildActionMask = 2147483647;
			files = (
				5E9031A62C1DC980000EF26B /* libavcodec.61.6.100.dylib in Resources */,
				5E9031A72C1DC980000EF26B /* libavdevice.61.2.100.dylib in Resources */,
				5E9031A82C1DC980000EF26B /* libavfilter.10.2.102.dylib in Resources */,
				5E9031A92C1DC980000EF26B /* libavformat.61.3.104.dylib in Resources */,
				5E9031AA2C1DC980000EF26B /* libavutil.59.21.100.dylib in Resources */,
				5E9031AB2C1DC980000EF26B /* libpostproc.58.2.100.dylib in Resources */,
				5E9031AC2C1DC980000EF26B /* libswresample.5.2.100.dylib in Resources */,
				5E9031AD2C1DC980000EF26B /* libswscale.8.2.100.dylib in Resources */,
				5E79A9A12C19B4FA00865AE6 /* Preview Assets.xcassets in Resources */,
				5E79A99D2C19B4FA00865AE6 /* Assets.xcassets in Resources */,
			);
			runOnlyForDeploymentPostprocessing = 0;
		};
/* End PBXResourcesBuildPhase section */

/* Begin PBXSourcesBuildPhase section */
		5E79A9912C19B4F900865AE6 /* Sources */ = {
			isa = PBXSourcesBuildPhase;
			buildActionMask = 2147483647;
			files = (
				5E79A99B2C19B4F900865AE6 /* ContentView.swift in Sources */,
				5E79A9AA2C19B5BF00865AE6 /* ReSample.c in Sources */,
				5E79A9992C19B4F900865AE6 /* TestFFMPEGApp.swift in Sources */,
			);
			runOnlyForDeploymentPostprocessing = 0;
		};
/* End PBXSourcesBuildPhase section */

/* Begin XCBuildConfiguration section */
		5E79A9A22C19B4FA00865AE6 /* Debug */ = {
			isa = XCBuildConfiguration;
			buildSettings = {
				ALWAYS_SEARCH_USER_PATHS = NO;
				ASSETCATALOG_COMPILER_GENERATE_SWIFT_ASSET_SYMBOL_EXTENSIONS = YES;
				CLANG_ANALYZER_NONNULL = YES;
				CLANG_ANALYZER_NUMBER_OBJECT_CONVERSION = YES_AGGRESSIVE;
				CLANG_CXX_LANGUAGE_STANDARD = "gnu++20";
				CLANG_ENABLE_MODULES = YES;
				CLANG_ENABLE_OBJC_ARC = YES;
				CLANG_ENABLE_OBJC_WEAK = YES;
				CLANG_WARN_BLOCK_CAPTURE_AUTORELEASING = YES;
				CLANG_WARN_BOOL_CONVERSION = YES;
				CLANG_WARN_COMMA = YES;
				CLANG_WARN_CONSTANT_CONVERSION = YES;
				CLANG_WARN_DEPRECATED_OBJC_IMPLEMENTATIONS = YES;
				CLANG_WARN_DIRECT_OBJC_ISA_USAGE = YES_ERROR;
				CLANG_WARN_DOCUMENTATION_COMMENTS = YES;
				CLANG_WARN_EMPTY_BODY = YES;
				CLANG_WARN_ENUM_CONVERSION = YES;
				CLANG_WARN_INFINITE_RECURSION = YES;
				CLANG_WARN_INT_CONVERSION = YES;
				CLANG_WARN_NON_LITERAL_NULL_CONVERSION = YES;
				CLANG_WARN_OBJC_IMPLICIT_RETAIN_SELF = YES;
				CLANG_WARN_OBJC_LITERAL_CONVERSION = YES;
				CLANG_WARN_OBJC_ROOT_CLASS = YES_ERROR;
				CLANG_WARN_QUOTED_INCLUDE_IN_FRAMEWORK_HEADER = YES;
				CLANG_WARN_RANGE_LOOP_ANALYSIS = YES;
				CLANG_WARN_STRICT_PROTOTYPES = YES;
				CLANG_WARN_SUSPICIOUS_MOVE = YES;
				CLANG_WARN_UNGUARDED_AVAILABILITY = YES_AGGRESSIVE;
				CLANG_WARN_UNREACHABLE_CODE = YES;
				CLANG_WARN__DUPLICATE_METHOD_MATCH = YES;
				COPY_PHASE_STRIP = NO;
				DEBUG_INFORMATION_FORMAT = dwarf;
				ENABLE_STRICT_OBJC_MSGSEND = YES;
				ENABLE_TESTABILITY = YES;
				ENABLE_USER_SCRIPT_SANDBOXING = YES;
				GCC_C_LANGUAGE_STANDARD = gnu17;
				GCC_DYNAMIC_NO_PIC = NO;
				GCC_NO_COMMON_BLOCKS = YES;
				GCC_OPTIMIZATION_LEVEL = 0;
				GCC_PREPROCESSOR_DEFINITIONS = (
					"DEBUG=1",
					"$(inherited)",
				);
				GCC_WARN_64_TO_32_BIT_CONVERSION = YES;
				GCC_WARN_ABOUT_RETURN_TYPE = YES_ERROR;
				GCC_WARN_UNDECLARED_SELECTOR = YES;
				GCC_WARN_UNINITIALIZED_AUTOS = YES_AGGRESSIVE;
				GCC_WARN_UNUSED_FUNCTION = YES;
				GCC_WARN_UNUSED_VARIABLE = YES;
				LOCALIZATION_PREFERS_STRING_CATALOGS = YES;
				MTL_ENABLE_DEBUG_INFO = INCLUDE_SOURCE;
				MTL_FAST_MATH = YES;
				ONLY_ACTIVE_ARCH = YES;
				SWIFT_ACTIVE_COMPILATION_CONDITIONS = "DEBUG $(inherited)";
				SWIFT_OPTIMIZATION_LEVEL = "-Onone";
			};
			name = Debug;
		};
		5E79A9A32C19B4FA00865AE6 /* Release */ = {
			isa = XCBuildConfiguration;
			buildSettings = {
				ALWAYS_SEARCH_USER_PATHS = NO;
				ASSETCATALOG_COMPILER_GENERATE_SWIFT_ASSET_SYMBOL_EXTENSIONS = YES;
				CLANG_ANALYZER_NONNULL = YES;
				CLANG_ANALYZER_NUMBER_OBJECT_CONVERSION = YES_AGGRESSIVE;
				CLANG_CXX_LANGUAGE_STANDARD = "gnu++20";
				CLANG_ENABLE_MODULES = YES;
				CLANG_ENABLE_OBJC_ARC = YES;
				CLANG_ENABLE_OBJC_WEAK = YES;
				CLANG_WARN_BLOCK_CAPTURE_AUTORELEASING = YES;
				CLANG_WARN_BOOL_CONVERSION = YES;
				CLANG_WARN_COMMA = YES;
				CLANG_WARN_CONSTANT_CONVERSION = YES;
				CLANG_WARN_DEPRECATED_OBJC_IMPLEMENTATIONS = YES;
				CLANG_WARN_DIRECT_OBJC_ISA_USAGE = YES_ERROR;
				CLANG_WARN_DOCUMENTATION_COMMENTS = YES;
				CLANG_WARN_EMPTY_BODY = YES;
				CLANG_WARN_ENUM_CONVERSION = YES;
				CLANG_WARN_INFINITE_RECURSION = YES;
				CLANG_WARN_INT_CONVERSION = YES;
				CLANG_WARN_NON_LITERAL_NULL_CONVERSION = YES;
				CLANG_WARN_OBJC_IMPLICIT_RETAIN_SELF = YES;
				CLANG_WARN_OBJC_LITERAL_CONVERSION = YES;
				CLANG_WARN_OBJC_ROOT_CLASS = YES_ERROR;
				CLANG_WARN_QUOTED_INCLUDE_IN_FRAMEWORK_HEADER = YES;
				CLANG_WARN_RANGE_LOOP_ANALYSIS = YES;
				CLANG_WARN_STRICT_PROTOTYPES = YES;
				CLANG_WARN_SUSPICIOUS_MOVE = YES;
				CLANG_WARN_UNGUARDED_AVAILABILITY = YES_AGGRESSIVE;
				CLANG_WARN_UNREACHABLE_CODE = YES;
				CLANG_WARN__DUPLICATE_METHOD_MATCH = YES;
				COPY_PHASE_STRIP = NO;
				DEBUG_INFORMATION_FORMAT = "dwarf-with-dsym";
				ENABLE_NS_ASSERTIONS = NO;
				ENABLE_STRICT_OBJC_MSGSEND = YES;
				ENABLE_USER_SCRIPT_SANDBOXING = YES;
				GCC_C_LANGUAGE_STANDARD = gnu17;
				GCC_NO_COMMON_BLOCKS = YES;
				GCC_WARN_64_TO_32_BIT_CONVERSION = YES;
				GCC_WARN_ABOUT_RETURN_TYPE = YES_ERROR;
				GCC_WARN_UNDECLARED_SELECTOR = YES;
				GCC_WARN_UNINITIALIZED_AUTOS = YES_AGGRESSIVE;
				GCC_WARN_UNUSED_FUNCTION = YES;
				GCC_WARN_UNUSED_VARIABLE = YES;
				LOCALIZATION_PREFERS_STRING_CATALOGS = YES;
				MTL_ENABLE_DEBUG_INFO = NO;
				MTL_FAST_MATH = YES;
				SWIFT_COMPILATION_MODE = wholemodule;
			};
			name = Release;
		};
		5E79A9A52C19B4FA00865AE6 /* Debug */ = {
			isa = XCBuildConfiguration;
			buildSettings = {
				ASSETCATALOG_COMPILER_APPICON_NAME = AppIcon;
				ASSETCATALOG_COMPILER_GLOBAL_ACCENT_COLOR_NAME = AccentColor;
				CLANG_ENABLE_MODULES = YES;
				CODE_SIGN_ENTITLEMENTS = TestFFMPEG/TestFFMPEG.entitlements;
				CODE_SIGN_IDENTITY = "Apple Development";
				CODE_SIGN_STYLE = Automatic;
				CURRENT_PROJECT_VERSION = 1;
				DEVELOPMENT_ASSET_PATHS = "\"TestFFMPEG/Preview Content\"";
				DEVELOPMENT_TEAM = 46297P2GFS;
				ENABLE_HARDENED_RUNTIME = YES;
				"ENABLE_HARDENED_RUNTIME[sdk=macosx*]" = YES;
				ENABLE_PREVIEWS = YES;
				FRAMEWORK_SEARCH_PATHS = "";
				GENERATE_INFOPLIST_FILE = YES;
				HEADER_SEARCH_PATHS = /opt/ffmpeg/include;
				"INFOPLIST_KEY_UIApplicationSceneManifest_Generation[sdk=iphoneos*]" = YES;
				"INFOPLIST_KEY_UIApplicationSceneManifest_Generation[sdk=iphonesimulator*]" = YES;
				"INFOPLIST_KEY_UIApplicationSupportsIndirectInputEvents[sdk=iphoneos*]" = YES;
				"INFOPLIST_KEY_UIApplicationSupportsIndirectInputEvents[sdk=iphonesimulator*]" = YES;
				"INFOPLIST_KEY_UILaunchScreen_Generation[sdk=iphoneos*]" = YES;
				"INFOPLIST_KEY_UILaunchScreen_Generation[sdk=iphonesimulator*]" = YES;
				"INFOPLIST_KEY_UIStatusBarStyle[sdk=iphoneos*]" = UIStatusBarStyleDefault;
				"INFOPLIST_KEY_UIStatusBarStyle[sdk=iphonesimulator*]" = UIStatusBarStyleDefault;
				INFOPLIST_KEY_UISupportedInterfaceOrientations_iPad = "UIInterfaceOrientationPortrait UIInterfaceOrientationPortraitUpsideDown UIInterfaceOrientationLandscapeLeft UIInterfaceOrientationLandscapeRight";
				INFOPLIST_KEY_UISupportedInterfaceOrientations_iPhone = "UIInterfaceOrientationPortrait UIInterfaceOrientationLandscapeLeft UIInterfaceOrientationLandscapeRight";
				IPHONEOS_DEPLOYMENT_TARGET = 17.5;
				LD_RUNPATH_SEARCH_PATHS = (
					"@executable_path/Frameworks",
					/opt/ffmpeg/lib,
				);
				"LD_RUNPATH_SEARCH_PATHS[sdk=macosx*]" = (
					"@executable_path/../Frameworks",
					/opt/ffmpeg/lib,
				);
				LIBRARY_SEARCH_PATHS = /opt/ffmpeg/lib;
				MACOSX_DEPLOYMENT_TARGET = 14.5;
				MARKETING_VERSION = 1.0;
				PRODUCT_BUNDLE_IDENTIFIER = com.test.ffmpeg.Test11;
				PRODUCT_NAME = "$(TARGET_NAME)";
				PROVISIONING_PROFILE_SPECIFIER = "";
				SDKROOT = auto;
				SUPPORTED_PLATFORMS = "iphoneos iphonesimulator macosx";
				SWIFT_EMIT_LOC_STRINGS = YES;
				SWIFT_OBJC_BRIDGING_HEADER = "TestFFMPEG-Bridging-Header.h";
				SWIFT_OPTIMIZATION_LEVEL = "-Onone";
				SWIFT_VERSION = 5.0;
				TARGETED_DEVICE_FAMILY = "1,2";
			};
			name = Debug;
		};
		5E79A9A62C19B4FA00865AE6 /* Release */ = {
			isa = XCBuildConfiguration;
			buildSettings = {
				ASSETCATALOG_COMPILER_APPICON_NAME = AppIcon;
				ASSETCATALOG_COMPILER_GLOBAL_ACCENT_COLOR_NAME = AccentColor;
				CLANG_ENABLE_MODULES = YES;
				CODE_SIGN_ENTITLEMENTS = TestFFMPEG/TestFFMPEG.entitlements;
				CODE_SIGN_IDENTITY = "Apple Development";
				CODE_SIGN_STYLE = Automatic;
				CURRENT_PROJECT_VERSION = 1;
				DEVELOPMENT_ASSET_PATHS = "\"TestFFMPEG/Preview Content\"";
				DEVELOPMENT_TEAM = 46297P2GFS;
				ENABLE_HARDENED_RUNTIME = YES;
				"ENABLE_HARDENED_RUNTIME[sdk=macosx*]" = YES;
				ENABLE_PREVIEWS = YES;
				FRAMEWORK_SEARCH_PATHS = "";
				GENERATE_INFOPLIST_FILE = YES;
				HEADER_SEARCH_PATHS = /opt/ffmpeg/include;
				"INFOPLIST_KEY_UIApplicationSceneManifest_Generation[sdk=iphoneos*]" = YES;
				"INFOPLIST_KEY_UIApplicationSceneManifest_Generation[sdk=iphonesimulator*]" = YES;
				"INFOPLIST_KEY_UIApplicationSupportsIndirectInputEvents[sdk=iphoneos*]" = YES;
				"INFOPLIST_KEY_UIApplicationSupportsIndirectInputEvents[sdk=iphonesimulator*]" = YES;
				"INFOPLIST_KEY_UILaunchScreen_Generation[sdk=iphoneos*]" = YES;
				"INFOPLIST_KEY_UILaunchScreen_Generation[sdk=iphonesimulator*]" = YES;
				"INFOPLIST_KEY_UIStatusBarStyle[sdk=iphoneos*]" = UIStatusBarStyleDefault;
				"INFOPLIST_KEY_UIStatusBarStyle[sdk=iphonesimulator*]" = UIStatusBarStyleDefault;
				INFOPLIST_KEY_UISupportedInterfaceOrientations_iPad = "UIInterfaceOrientationPortrait UIInterfaceOrientationPortraitUpsideDown UIInterfaceOrientationLandscapeLeft UIInterfaceOrientationLandscapeRight";
				INFOPLIST_KEY_UISupportedInterfaceOrientations_iPhone = "UIInterfaceOrientationPortrait UIInterfaceOrientationLandscapeLeft UIInterfaceOrientationLandscapeRight";
				IPHONEOS_DEPLOYMENT_TARGET = 17.5;
				LD_RUNPATH_SEARCH_PATHS = (
					"@executable_path/Frameworks",
					/opt/ffmpeg/lib,
				);
				"LD_RUNPATH_SEARCH_PATHS[sdk=macosx*]" = (
					"@executable_path/../Frameworks",
					/opt/ffmpeg/lib,
				);
				LIBRARY_SEARCH_PATHS = /opt/ffmpeg/lib;
				MACOSX_DEPLOYMENT_TARGET = 14.5;
				MARKETING_VERSION = 1.0;
				PRODUCT_BUNDLE_IDENTIFIER = com.test.ffmpeg.Test11;
				PRODUCT_NAME = "$(TARGET_NAME)";
				PROVISIONING_PROFILE_SPECIFIER = "";
				SDKROOT = auto;
				SUPPORTED_PLATFORMS = "iphoneos iphonesimulator macosx";
				SWIFT_EMIT_LOC_STRINGS = YES;
				SWIFT_OBJC_BRIDGING_HEADER = "TestFFMPEG-Bridging-Header.h";
				SWIFT_VERSION = 5.0;
				TARGETED_DEVICE_FAMILY = "1,2";
			};
			name = Release;
		};
/* End XCBuildConfiguration section */

/* Begin XCConfigurationList section */
		5E79A9902C19B4F900865AE6 /* Build configuration list for PBXProject "TestFFMPEG" */ = {
			isa = XCConfigurationList;
			buildConfigurations = (
				5E79A9A22C19B4FA00865AE6 /* Debug */,
				5E79A9A32C19B4FA00865AE6 /* Release */,
			);
			defaultConfigurationIsVisible = 0;
			defaultConfigurationName = Release;
		};
		5E79A9A42C19B4FA00865AE6 /* Build configuration list for PBXNativeTarget "TestFFMPEG" */ = {
			isa = XCConfigurationList;
			buildConfigurations = (
				5E79A9A52C19B4FA00865AE6 /* Debug */,
				5E79A9A62C19B4FA00865AE6 /* Release */,
			);
			defaultConfigurationIsVisible = 0;
			defaultConfigurationName = Release;
		};
/* End XCConfigurationList section */
	};
	rootObject = 5E79A98D2C19B4F900865AE6 /* Project object */;
}
